// !$*UTF8*$!
{
	archiveVersion = 1;
	classes = {
	};
	objectVersion = 50;
	objects = {

/* Begin PBXBuildFile section */
		93296C3D20B28A5C0025B3FC /* AppDelegate.swift in Sources */ = {isa = PBXBuildFile; fileRef = 93296C3C20B28A5C0025B3FC /* AppDelegate.swift */; };
		93296C3F20B28A5C0025B3FC /* ViewController.swift in Sources */ = {isa = PBXBuildFile; fileRef = 93296C3E20B28A5C0025B3FC /* ViewController.swift */; };
		93296C4220B28A5D0025B3FC /* Main.storyboard in Resources */ = {isa = PBXBuildFile; fileRef = 93296C4020B28A5D0025B3FC /* Main.storyboard */; };
		93296C4420B28A600025B3FC /* Assets.xcassets in Resources */ = {isa = PBXBuildFile; fileRef = 93296C4320B28A600025B3FC /* Assets.xcassets */; };
		93296C4720B28A600025B3FC /* LaunchScreen.storyboard in Resources */ = {isa = PBXBuildFile; fileRef = 93296C4520B28A600025B3FC /* LaunchScreen.storyboard */; };
		93296C5220B28A600025B3FC /* CalculatorTests.swift in Sources */ = {isa = PBXBuildFile; fileRef = 93296C5120B28A600025B3FC /* CalculatorTests.swift */; };
		93296C5D20B28A600025B3FC /* CalculatorUITests.swift in Sources */ = {isa = PBXBuildFile; fileRef = 93296C5C20B28A600025B3FC /* CalculatorUITests.swift */; };
/* End PBXBuildFile section */

/* Begin PBXContainerItemProxy section */
		93296C4E20B28A600025B3FC /* PBXContainerItemProxy */ = {
			isa = PBXContainerItemProxy;
			containerPortal = 93296C3120B28A5C0025B3FC /* Project object */;
			proxyType = 1;
			remoteGlobalIDString = 93296C3820B28A5C0025B3FC;
			remoteInfo = Calculator;
		};
		93296C5920B28A600025B3FC /* PBXContainerItemProxy */ = {
			isa = PBXContainerItemProxy;
			containerPortal = 93296C3120B28A5C0025B3FC /* Project object */;
			proxyType = 1;
			remoteGlobalIDString = 93296C3820B28A5C0025B3FC;
			remoteInfo = Calculator;
		};
/* End PBXContainerItemProxy section */

/* Begin PBXFileReference section */
		93296C3920B28A5C0025B3FC /* Calculator.app */ = {isa = PBXFileReference; explicitFileType = wrapper.application; includeInIndex = 0; path = Calculator.app; sourceTree = BUILT_PRODUCTS_DIR; };
		93296C3C20B28A5C0025B3FC /* AppDelegate.swift */ = {isa = PBXFileReference; lastKnownFileType = sourcecode.swift; path = AppDelegate.swift; sourceTree = "<group>"; };
		93296C3E20B28A5C0025B3FC /* ViewController.swift */ = {isa = PBXFileReference; lastKnownFileType = sourcecode.swift; path = ViewController.swift; sourceTree = "<group>"; };
		93296C4120B28A5D0025B3FC /* Base */ = {isa = PBXFileReference; lastKnownFileType = file.storyboard; name = Base; path = Base.lproj/Main.storyboard; sourceTree = "<group>"; };
		93296C4320B28A600025B3FC /* Assets.xcassets */ = {isa = PBXFileReference; lastKnownFileType = folder.assetcatalog; path = Assets.xcassets; sourceTree = "<group>"; };
		93296C4620B28A600025B3FC /* Base */ = {isa = PBXFileReference; lastKnownFileType = file.storyboard; name = Base; path = Base.lproj/LaunchScreen.storyboard; sourceTree = "<group>"; };
		93296C4820B28A600025B3FC /* Info.plist */ = {isa = PBXFileReference; lastKnownFileType = text.plist.xml; path = Info.plist; sourceTree = "<group>"; };
		93296C4D20B28A600025B3FC /* CalculatorTests.xctest */ = {isa = PBXFileReference; explicitFileType = wrapper.cfbundle; includeInIndex = 0; path = CalculatorTests.xctest; sourceTree = BUILT_PRODUCTS_DIR; };
		93296C5120B28A600025B3FC /* CalculatorTests.swift */ = {isa = PBXFileReference; lastKnownFileType = sourcecode.swift; path = CalculatorTests.swift; sourceTree = "<group>"; };
		93296C5320B28A600025B3FC /* Info.plist */ = {isa = PBXFileReference; lastKnownFileType = text.plist.xml; path = Info.plist; sourceTree = "<group>"; };
		93296C5820B28A600025B3FC /* CalculatorUITests.xctest */ = {isa = PBXFileReference; explicitFileType = wrapper.cfbundle; includeInIndex = 0; path = CalculatorUITests.xctest; sourceTree = BUILT_PRODUCTS_DIR; };
		93296C5C20B28A600025B3FC /* CalculatorUITests.swift */ = {isa = PBXFileReference; lastKnownFileType = sourcecode.swift; path = CalculatorUITests.swift; sourceTree = "<group>"; };
		93296C5E20B28A600025B3FC /* Info.plist */ = {isa = PBXFileReference; lastKnownFileType = text.plist.xml; path = Info.plist; sourceTree = "<group>"; };
/* End PBXFileReference section */

/* Begin PBXFrameworksBuildPhase section */
		93296C3620B28A5C0025B3FC /* Frameworks */ = {
			isa = PBXFrameworksBuildPhase;
			buildActionMask = 2147483647;
			files = (
			);
			runOnlyForDeploymentPostprocessing = 0;
		};
		93296C4A20B28A600025B3FC /* Frameworks */ = {
			isa = PBXFrameworksBuildPhase;
			buildActionMask = 2147483647;
			files = (
			);
			runOnlyForDeploymentPostprocessing = 0;
		};
		93296C5520B28A600025B3FC /* Frameworks */ = {
			isa = PBXFrameworksBuildPhase;
			buildActionMask = 2147483647;
			files = (
			);
			runOnlyForDeploymentPostprocessing = 0;
		};
/* End PBXFrameworksBuildPhase section */

/* Begin PBXGroup section */
		93296C3020B28A5C0025B3FC = {
			isa = PBXGroup;
			children = (
				93296C3B20B28A5C0025B3FC /* Calculator */,
				93296C5020B28A600025B3FC /* CalculatorTests */,
				93296C5B20B28A600025B3FC /* CalculatorUITests */,
				93296C3A20B28A5C0025B3FC /* Products */,
			);
			sourceTree = "<group>";
		};
		93296C3A20B28A5C0025B3FC /* Products */ = {
			isa = PBXGroup;
			children = (
				93296C3920B28A5C0025B3FC /* Calculator.app */,
				93296C4D20B28A600025B3FC /* CalculatorTests.xctest */,
				93296C5820B28A600025B3FC /* CalculatorUITests.xctest */,
			);
			name = Products;
			sourceTree = "<group>";
		};
		93296C3B20B28A5C0025B3FC /* Calculator */ = {
			isa = PBXGroup;
			children = (
				93296C3C20B28A5C0025B3FC /* AppDelegate.swift */,
				93296C3E20B28A5C0025B3FC /* ViewController.swift */,
				93296C4020B28A5D0025B3FC /* Main.storyboard */,
				93296C4320B28A600025B3FC /* Assets.xcassets */,
				93296C4520B28A600025B3FC /* LaunchScreen.storyboard */,
				93296C4820B28A600025B3FC /* Info.plist */,
			);
			path = Calculator;
			sourceTree = "<group>";
		};
		93296C5020B28A600025B3FC /* CalculatorTests */ = {
			isa = PBXGroup;
			children = (
				93296C5120B28A600025B3FC /* CalculatorTests.swift */,
				93296C5320B28A600025B3FC /* Info.plist */,
			);
			path = CalculatorTests;
			sourceTree = "<group>";
		};
		93296C5B20B28A600025B3FC /* CalculatorUITests */ = {
			isa = PBXGroup;
			children = (
				93296C5C20B28A600025B3FC /* CalculatorUITests.swift */,
				93296C5E20B28A600025B3FC /* Info.plist */,
			);
			path = CalculatorUITests;
			sourceTree = "<group>";
		};
/* End PBXGroup section */

/* Begin PBXNativeTarget section */
		93296C3820B28A5C0025B3FC /* Calculator */ = {
			isa = PBXNativeTarget;
			buildConfigurationList = 93296C6120B28A600025B3FC /* Build configuration list for PBXNativeTarget "Calculator" */;
			buildPhases = (
				93296C3520B28A5C0025B3FC /* Sources */,
				93296C3620B28A5C0025B3FC /* Frameworks */,
				93296C3720B28A5C0025B3FC /* Resources */,
			);
			buildRules = (
			);
			dependencies = (
			);
			name = Calculator;
			productName = Calculator;
			productReference = 93296C3920B28A5C0025B3FC /* Calculator.app */;
			productType = "com.apple.product-type.application";
		};
		93296C4C20B28A600025B3FC /* CalculatorTests */ = {
			isa = PBXNativeTarget;
			buildConfigurationList = 93296C6420B28A600025B3FC /* Build configuration list for PBXNativeTarget "CalculatorTests" */;
			buildPhases = (
				93296C4920B28A600025B3FC /* Sources */,
				93296C4A20B28A600025B3FC /* Frameworks */,
				93296C4B20B28A600025B3FC /* Resources */,
			);
			buildRules = (
			);
			dependencies = (
				93296C4F20B28A600025B3FC /* PBXTargetDependency */,
			);
			name = CalculatorTests;
			productName = CalculatorTests;
			productReference = 93296C4D20B28A600025B3FC /* CalculatorTests.xctest */;
			productType = "com.apple.product-type.bundle.unit-test";
		};
		93296C5720B28A600025B3FC /* CalculatorUITests */ = {
			isa = PBXNativeTarget;
			buildConfigurationList = 93296C6720B28A600025B3FC /* Build configuration list for PBXNativeTarget "CalculatorUITests" */;
			buildPhases = (
				93296C5420B28A600025B3FC /* Sources */,
				93296C5520B28A600025B3FC /* Frameworks */,
				93296C5620B28A600025B3FC /* Resources */,
			);
			buildRules = (
			);
			dependencies = (
				93296C5A20B28A600025B3FC /* PBXTargetDependency */,
			);
			name = CalculatorUITests;
			productName = CalculatorUITests;
			productReference = 93296C5820B28A600025B3FC /* CalculatorUITests.xctest */;
			productType = "com.apple.product-type.bundle.ui-testing";
		};
/* End PBXNativeTarget section */

/* Begin PBXProject section */
		93296C3120B28A5C0025B3FC /* Project object */ = {
			isa = PBXProject;
			attributes = {
				LastSwiftUpdateCheck = 0930;
				LastUpgradeCheck = 0930;
				ORGANIZATIONNAME = "Aaron Mednick";
				TargetAttributes = {
					93296C3820B28A5C0025B3FC = {
						CreatedOnToolsVersion = 9.3.1;
					};
					93296C4C20B28A600025B3FC = {
						CreatedOnToolsVersion = 9.3.1;
						TestTargetID = 93296C3820B28A5C0025B3FC;
					};
					93296C5720B28A600025B3FC = {
						CreatedOnToolsVersion = 9.3.1;
						TestTargetID = 93296C3820B28A5C0025B3FC;
					};
				};
			};
			buildConfigurationList = 93296C3420B28A5C0025B3FC /* Build configuration list for PBXProject "Calculator" */;
			compatibilityVersion = "Xcode 9.3";
			developmentRegion = en;
			hasScannedForEncodings = 0;
			knownRegions = (
				en,
				Base,
			);
			mainGroup = 93296C3020B28A5C0025B3FC;
			productRefGroup = 93296C3A20B28A5C0025B3FC /* Products */;
			projectDirPath = "";
			projectRoot = "";
			targets = (
				93296C3820B28A5C0025B3FC /* Calculator */,
				93296C4C20B28A600025B3FC /* CalculatorTests */,
				93296C5720B28A600025B3FC /* CalculatorUITests */,
			);
		};
/* End PBXProject section */

/* Begin PBXResourcesBuildPhase section */
		93296C3720B28A5C0025B3FC /* Resources */ = {
			isa = PBXResourcesBuildPhase;
			buildActionMask = 2147483647;
			files = (
				93296C4720B28A600025B3FC /* LaunchScreen.storyboard in Resources */,
				93296C4420B28A600025B3FC /* Assets.xcassets in Resources */,
				93296C4220B28A5D0025B3FC /* Main.storyboard in Resources */,
			);
			runOnlyForDeploymentPostprocessing = 0;
		};
		93296C4B20B28A600025B3FC /* Resources */ = {
			isa = PBXResourcesBuildPhase;
			buildActionMask = 2147483647;
			files = (
			);
			runOnlyForDeploymentPostprocessing = 0;
		};
		93296C5620B28A600025B3FC /* Resources */ = {
			isa = PBXResourcesBuildPhase;
			buildActionMask = 2147483647;
			files = (
			);
			runOnlyForDeploymentPostprocessing = 0;
		};
/* End PBXResourcesBuildPhase section */

/* Begin PBXSourcesBuildPhase section */
		93296C3520B28A5C0025B3FC /* Sources */ = {
			isa = PBXSourcesBuildPhase;
			buildActionMask = 2147483647;
			files = (
				93296C3F20B28A5C0025B3FC /* ViewController.swift in Sources */,
				93296C3D20B28A5C0025B3FC /* AppDelegate.swift in Sources */,
			);
			runOnlyForDeploymentPostprocessing = 0;
		};
		93296C4920B28A600025B3FC /* Sources */ = {
			isa = PBXSourcesBuildPhase;
			buildActionMask = 2147483647;
			files = (
				93296C5220B28A600025B3FC /* CalculatorTests.swift in Sources */,
			);
			runOnlyForDeploymentPostprocessing = 0;
		};
		93296C5420B28A600025B3FC /* Sources */ = {
			isa = PBXSourcesBuildPhase;
			buildActionMask = 2147483647;
			files = (
				93296C5D20B28A600025B3FC /* CalculatorUITests.swift in Sources */,
			);
			runOnlyForDeploymentPostprocessing = 0;
		};
/* End PBXSourcesBuildPhase section */

/* Begin PBXTargetDependency section */
		93296C4F20B28A600025B3FC /* PBXTargetDependency */ = {
			isa = PBXTargetDependency;
			target = 93296C3820B28A5C0025B3FC /* Calculator */;
			targetProxy = 93296C4E20B28A600025B3FC /* PBXContainerItemProxy */;
		};
		93296C5A20B28A600025B3FC /* PBXTargetDependency */ = {
			isa = PBXTargetDependency;
			target = 93296C3820B28A5C0025B3FC /* Calculator */;
			targetProxy = 93296C5920B28A600025B3FC /* PBXContainerItemProxy */;
		};
/* End PBXTargetDependency section */

/* Begin PBXVariantGroup section */
		93296C4020B28A5D0025B3FC /* Main.storyboard */ = {
			isa = PBXVariantGroup;
			children = (
				93296C4120B28A5D0025B3FC /* Base */,
			);
			name = Main.storyboard;
			sourceTree = "<group>";
		};
		93296C4520B28A600025B3FC /* LaunchScreen.storyboard */ = {
			isa = PBXVariantGroup;
			children = (
				93296C4620B28A600025B3FC /* Base */,
			);
			name = LaunchScreen.storyboard;
			sourceTree = "<group>";
		};
/* End PBXVariantGroup section */

/* Begin XCBuildConfiguration section */
		93296C5F20B28A600025B3FC /* Debug */ = {
			isa = XCBuildConfiguration;
			buildSettings = {
				ALWAYS_SEARCH_USER_PATHS = NO;
				CLANG_ANALYZER_NONNULL = YES;
				CLANG_ANALYZER_NUMBER_OBJECT_CONVERSION = YES_AGGRESSIVE;
				CLANG_CXX_LANGUAGE_STANDARD = "gnu++14";
				CLANG_CXX_LIBRARY = "libc++";
				CLANG_ENABLE_MODULES = YES;
				CLANG_ENABLE_OBJC_ARC = YES;
				CLANG_ENABLE_OBJC_WEAK = YES;
				CLANG_WARN_BLOCK_CAPTURE_AUTORELEASING = YES;
				CLANG_WARN_BOOL_CONVERSION = YES;
				CLANG_WARN_COMMA = YES;
				CLANG_WARN_CONSTANT_CONVERSION = YES;
				CLANG_WARN_DEPRECATED_OBJC_IMPLEMENTATIONS = YES;
				CLANG_WARN_DIRECT_OBJC_ISA_USAGE = YES_ERROR;
				CLANG_WARN_DOCUMENTATION_COMMENTS = YES;
				CLANG_WARN_EMPTY_BODY = YES;
				CLANG_WARN_ENUM_CONVERSION = YES;
				CLANG_WARN_INFINITE_RECURSION = YES;
				CLANG_WARN_INT_CONVERSION = YES;
				CLANG_WARN_NON_LITERAL_NULL_CONVERSION = YES;
				CLANG_WARN_OBJC_IMPLICIT_RETAIN_SELF = YES;
				CLANG_WARN_OBJC_LITERAL_CONVERSION = YES;
				CLANG_WARN_OBJC_ROOT_CLASS = YES_ERROR;
				CLANG_WARN_RANGE_LOOP_ANALYSIS = YES;
				CLANG_WARN_STRICT_PROTOTYPES = YES;
				CLANG_WARN_SUSPICIOUS_MOVE = YES;
				CLANG_WARN_UNGUARDED_AVAILABILITY = YES_AGGRESSIVE;
				CLANG_WARN_UNREACHABLE_CODE = YES;
				CLANG_WARN__DUPLICATE_METHOD_MATCH = YES;
				CODE_SIGN_IDENTITY = "iPhone Developer";
				COPY_PHASE_STRIP = NO;
				DEBUG_INFORMATION_FORMAT = dwarf;
				ENABLE_STRICT_OBJC_MSGSEND = YES;
				ENABLE_TESTABILITY = YES;
				GCC_C_LANGUAGE_STANDARD = gnu11;
				GCC_DYNAMIC_NO_PIC = NO;
				GCC_NO_COMMON_BLOCKS = YES;
				GCC_OPTIMIZATION_LEVEL = 0;
				GCC_PREPROCESSOR_DEFINITIONS = (
					"DEBUG=1",
					"$(inherited)",
				);
				GCC_WARN_64_TO_32_BIT_CONVERSION = YES;
				GCC_WARN_ABOUT_RETURN_TYPE = YES_ERROR;
				GCC_WARN_UNDECLARED_SELECTOR = YES;
				GCC_WARN_UNINITIALIZED_AUTOS = YES_AGGRESSIVE;
				GCC_WARN_UNUSED_FUNCTION = YES;
				GCC_WARN_UNUSED_VARIABLE = YES;
				IPHONEOS_DEPLOYMENT_TARGET = 11.3;
				MTL_ENABLE_DEBUG_INFO = YES;
				ONLY_ACTIVE_ARCH = YES;
				SDKROOT = iphoneos;
				SWIFT_ACTIVE_COMPILATION_CONDITIONS = DEBUG;
				SWIFT_OPTIMIZATION_LEVEL = "-Onone";
			};
			name = Debug;
		};
		93296C6020B28A600025B3FC /* Release */ = {
			isa = XCBuildConfiguration;
			buildSettings = {
				ALWAYS_SEARCH_USER_PATHS = NO;
				CLANG_ANALYZER_NONNULL = YES;
				CLANG_ANALYZER_NUMBER_OBJECT_CONVERSION = YES_AGGRESSIVE;
				CLANG_CXX_LANGUAGE_STANDARD = "gnu++14";
				CLANG_CXX_LIBRARY = "libc++";
				CLANG_ENABLE_MODULES = YES;
				CLANG_ENABLE_OBJC_ARC = YES;
				CLANG_ENABLE_OBJC_WEAK = YES;
				CLANG_WARN_BLOCK_CAPTURE_AUTORELEASING = YES;
				CLANG_WARN_BOOL_CONVERSION = YES;
				CLANG_WARN_COMMA = YES;
				CLANG_WARN_CONSTANT_CONVERSION = YES;
				CLANG_WARN_DEPRECATED_OBJC_IMPLEMENTATIONS = YES;
				CLANG_WARN_DIRECT_OBJC_ISA_USAGE = YES_ERROR;
				CLANG_WARN_DOCUMENTATION_COMMENTS = YES;
				CLANG_WARN_EMPTY_BODY = YES;
				CLANG_WARN_ENUM_CONVERSION = YES;
				CLANG_WARN_INFINITE_RECURSION = YES;
				CLANG_WARN_INT_CONVERSION = YES;
				CLANG_WARN_NON_LITERAL_NULL_CONVERSION = YES;
				CLANG_WARN_OBJC_IMPLICIT_RETAIN_SELF = YES;
				CLANG_WARN_OBJC_LITERAL_CONVERSION = YES;
				CLANG_WARN_OBJC_ROOT_CLASS = YES_ERROR;
				CLANG_WARN_RANGE_LOOP_ANALYSIS = YES;
				CLANG_WARN_STRICT_PROTOTYPES = YES;
				CLANG_WARN_SUSPICIOUS_MOVE = YES;
				CLANG_WARN_UNGUARDED_AVAILABILITY = YES_AGGRESSIVE;
				CLANG_WARN_UNREACHABLE_CODE = YES;
				CLANG_WARN__DUPLICATE_METHOD_MATCH = YES;
				CODE_SIGN_IDENTITY = "iPhone Developer";
				COPY_PHASE_STRIP = NO;
				DEBUG_INFORMATION_FORMAT = "dwarf-with-dsym";
				ENABLE_NS_ASSERTIONS = NO;
				ENABLE_STRICT_OBJC_MSGSEND = YES;
				GCC_C_LANGUAGE_STANDARD = gnu11;
				GCC_NO_COMMON_BLOCKS = YES;
				GCC_WARN_64_TO_32_BIT_CONVERSION = YES;
				GCC_WARN_ABOUT_RETURN_TYPE = YES_ERROR;
				GCC_WARN_UNDECLARED_SELECTOR = YES;
				GCC_WARN_UNINITIALIZED_AUTOS = YES_AGGRESSIVE;
				GCC_WARN_UNUSED_FUNCTION = YES;
				GCC_WARN_UNUSED_VARIABLE = YES;
				IPHONEOS_DEPLOYMENT_TARGET = 11.3;
				MTL_ENABLE_DEBUG_INFO = NO;
				SDKROOT = iphoneos;
				SWIFT_COMPILATION_MODE = wholemodule;
				SWIFT_OPTIMIZATION_LEVEL = "-O";
				VALIDATE_PRODUCT = YES;
			};
			name = Release;
		};
		93296C6220B28A600025B3FC /* Debug */ = {
			isa = XCBuildConfiguration;
			buildSettings = {
				ASSETCATALOG_COMPILER_APPICON_NAME = AppIcon;
				CODE_SIGN_STYLE = Automatic;
				INFOPLIST_FILE = Calculator/Info.plist;
				LD_RUNPATH_SEARCH_PATHS = (
					"$(inherited)",
					"@executable_path/Frameworks",
				);
				PRODUCT_BUNDLE_IDENTIFIER = independent.Calculator;
				PRODUCT_NAME = "$(TARGET_NAME)";
				SWIFT_VERSION = 4.0;
				TARGETED_DEVICE_FAMILY = "1,2";
			};
			name = Debug;
		};
		93296C6320B28A600025B3FC /* Release */ = {
			isa = XCBuildConfiguration;
			buildSettings = {
				ASSETCATALOG_COMPILER_APPICON_NAME = AppIcon;
				CODE_SIGN_STYLE = Automatic;
				INFOPLIST_FILE = Calculator/Info.plist;
				LD_RUNPATH_SEARCH_PATHS = (
					"$(inherited)",
					"@executable_path/Frameworks",
				);
				PRODUCT_BUNDLE_IDENTIFIER = independent.Calculator;
				PRODUCT_NAME = "$(TARGET_NAME)";
				SWIFT_VERSION = 4.0;
				TARGETED_DEVICE_FAMILY = "1,2";
			};
			name = Release;
		};
		93296C6520B28A600025B3FC /* Debug */ = {
			isa = XCBuildConfiguration;
			buildSettings = {
				ALWAYS_EMBED_SWIFT_STANDARD_LIBRARIES = YES;
				BUNDLE_LOADER = "$(TEST_HOST)";
				CODE_SIGN_STYLE = Automatic;
				INFOPLIST_FILE = CalculatorTests/Info.plist;
				LD_RUNPATH_SEARCH_PATHS = (
					"$(inherited)",
					"@executable_path/Frameworks",
					"@loader_path/Frameworks",
				);
				PRODUCT_BUNDLE_IDENTIFIER = independent.CalculatorTests;
				PRODUCT_NAME = "$(TARGET_NAME)";
				SWIFT_VERSION = 4.0;
				TARGETED_DEVICE_FAMILY = "1,2";
				TEST_HOST = "$(BUILT_PRODUCTS_DIR)/Calculator.app/Calculator";
			};
			name = Debug;
		};
		93296C6620B28A600025B3FC /* Release */ = {
			isa = XCBuildConfiguration;
			buildSettings = {
				ALWAYS_EMBED_SWIFT_STANDARD_LIBRARIES = YES;
				BUNDLE_LOADER = "$(TEST_HOST)";
				CODE_SIGN_STYLE = Automatic;
				INFOPLIST_FILE = CalculatorTests/Info.plist;
				LD_RUNPATH_SEARCH_PATHS = (
					"$(inherited)",
					"@executable_path/Frameworks",
					"@loader_path/Frameworks",
				);
				PRODUCT_BUNDLE_IDENTIFIER = independent.CalculatorTests;
				PRODUCT_NAME = "$(TARGET_NAME)";
				SWIFT_VERSION = 4.0;
				TARGETED_DEVICE_FAMILY = "1,2";
				TEST_HOST = "$(BUILT_PRODUCTS_DIR)/Calculator.app/Calculator";
			};
			name = Release;
		};
		93296C6820B28A600025B3FC /* Debug */ = {
			isa = XCBuildConfiguration;
			buildSettings = {
				ALWAYS_EMBED_SWIFT_STANDARD_LIBRARIES = YES;
				CODE_SIGN_STYLE = Automatic;
				INFOPLIST_FILE = CalculatorUITests/Info.plist;
				LD_RUNPATH_SEARCH_PATHS = (
					"$(inherited)",
					"@executable_path/Frameworks",
					"@loader_path/Frameworks",
				);
				PRODUCT_BUNDLE_IDENTIFIER = independent.CalculatorUITests;
				PRODUCT_NAME = "$(TARGET_NAME)";
				SWIFT_VERSION = 4.0;
				TARGETED_DEVICE_FAMILY = "1,2";
				TEST_TARGET_NAME = Calculator;
			};
			name = Debug;
		};
		93296C6920B28A600025B3FC /* Release */ = {
			isa = XCBuildConfiguration;
			buildSettings = {
				ALWAYS_EMBED_SWIFT_STANDARD_LIBRARIES = YES;
				CODE_SIGN_STYLE = Automatic;
				INFOPLIST_FILE = CalculatorUITests/Info.plist;
				LD_RUNPATH_SEARCH_PATHS = (
					"$(inherited)",
					"@executable_path/Frameworks",
					"@loader_path/Frameworks",
				);
				PRODUCT_BUNDLE_IDENTIFIER = independent.CalculatorUITests;
				PRODUCT_NAME = "$(TARGET_NAME)";
				SWIFT_VERSION = 4.0;
				TARGETED_DEVICE_FAMILY = "1,2";
				TEST_TARGET_NAME = Calculator;
			};
			name = Release;
		};
/* End XCBuildConfiguration section */

/* Begin XCConfigurationList section */
		93296C3420B28A5C0025B3FC /* Build configuration list for PBXProject "Calculator" */ = {
			isa = XCConfigurationList;
			buildConfigurations = (
				93296C5F20B28A600025B3FC /* Debug */,
				93296C6020B28A600025B3FC /* Release */,
			);
			defaultConfigurationIsVisible = 0;
			defaultConfigurationName = Release;
		};
		93296C6120B28A600025B3FC /* Build configuration list for PBXNativeTarget "Calculator" */ = {
			isa = XCConfigurationList;
			buildConfigurations = (
				93296C6220B28A600025B3FC /* Debug */,
				93296C6320B28A600025B3FC /* Release */,
			);
			defaultConfigurationIsVisible = 0;
			defaultConfigurationName = Release;
		};
		93296C6420B28A600025B3FC /* Build configuration list for PBXNativeTarget "CalculatorTests" */ = {
			isa = XCConfigurationList;
			buildConfigurations = (
				93296C6520B28A600025B3FC /* Debug */,
				93296C6620B28A600025B3FC /* Release */,
			);
			defaultConfigurationIsVisible = 0;
			defaultConfigurationName = Release;
		};
		93296C6720B28A600025B3FC /* Build configuration list for PBXNativeTarget "CalculatorUITests" */ = {
			isa = XCConfigurationList;
			buildConfigurations = (
				93296C6820B28A600025B3FC /* Debug */,
				93296C6920B28A600025B3FC /* Release */,
			);
			defaultConfigurationIsVisible = 0;
			defaultConfigurationName = Release;
		};
/* End XCConfigurationList section */
	};
	rootObject = 93296C3120B28A5C0025B3FC /* Project object */;
}
